<?xml version="1.0" encoding="utf-8"?>
<Project ToolsVersion="4.0" xmlns="http://schemas.microsoft.com/developer/msbuild/2003">
  <ItemGroup>
    <Filter Include="Source Files">
      <UniqueIdentifier>{4FC737F1-C7A5-4376-A066-2A32D752A2FF}</UniqueIdentifier>
      <Extensions>cpp;c;cc;cxx;def;odl;idl;hpj;bat;asm;asmx</Extensions>
    </Filter>
    <Filter Include="Header Files">
      <UniqueIdentifier>{93995380-89BD-4b04-88EB-625FBE52EBFB}</UniqueIdentifier>
      <Extensions>h;hh;hpp;hxx;hm;inl;inc;xsd</Extensions>
    </Filter>
    <Filter Include="Resource Files">
      <UniqueIdentifier>{67DA6AB6-F800-4c08-8B7A-83BB121AAD01}</UniqueIdentifier>
      <Extensions>rc;ico;cur;bmp;dlg;rc2;rct;bin;rgs;gif;jpg;jpeg;jpe;resx;tiff;tif;png;wav;mfcribbon-ms</Extensions>
    </Filter>
    <Filter Include="imgui">
      <UniqueIdentifier>{96981390-95e5-4c82-8f7d-ffc4665c05da}</UniqueIdentifier>
    </Filter>
  </ItemGroup>
  <ItemGroup>
    <ClCompile Include="..\3rdParty\imgui\imgui.cpp">
      <Filter>imgui</Filter>
    </ClCompile>
    <ClCompile Include="..\3rdParty\imgui\imgui_demo.cpp">
      <Filter>imgui</Filter>
    </ClCompile>
    <ClCompile Include="..\3rdParty\imgui\imgui_draw.cpp">
      <Filter>imgui</Filter>
    </ClCompile>
    <ClCompile Include="..\3rdParty\imgui\imgui_tables.cpp">
      <Filter>imgui</Filter>
    </ClCompile>
    <ClCompile Include="..\3rdParty\imgui\imgui_widgets.cpp">
      <Filter>imgui</Filter>
    </ClCompile>
    <ClCompile Include="..\3rdParty\imgui\backends\imgui_impl_opengl3.cpp">
      <Filter>imgui</Filter>
    </ClCompile>
    <ClCompile Include="..\3rdParty\imgui\backends\imgui_impl_sdl2.cpp">
      <Filter>imgui</Filter>
    </ClCompile>
    <ClCompile Include="minigin\component\core\game_component.cpp">
      <Filter>Source Files</Filter>
    </ClCompile>
    <ClCompile Include="minigin\component\implementation\text_component.cpp">
      <Filter>Source Files</Filter>
    </ClCompile>
    <ClCompile Include="minigin\component\implementation\texture_component.cpp">
      <Filter>Source Files</Filter>
    </ClCompile>
    <ClCompile Include="minigin\test\test_manager.cpp">
      <Filter>Source Files</Filter>
    </ClCompile>
    <ClCompile Include="minigin\test\test_x_input.cpp">
      <Filter>Source Files</Filter>
    </ClCompile>
    <ClCompile Include="minigin\utility\game_font.cpp">
      <Filter>Source Files</Filter>
    </ClCompile>
    <ClCompile Include="minigin\utility\texture_2d.cpp">
      <Filter>Source Files</Filter>
    </ClCompile>
    <ClCompile Include="minigin\utility\transform.cpp">
      <Filter>Source Files</Filter>
    </ClCompile>
    <ClCompile Include="minigin\events\event_handler.cpp">
      <Filter>Source Files</Filter>
    </ClCompile>
    <ClCompile Include="minigin\events\event_manager.cpp">
      <Filter>Source Files</Filter>
    </ClCompile>
    <ClCompile Include="minigin\events\sound_handler.cpp">
      <Filter>Source Files</Filter>
    </ClCompile>
    <ClCompile Include="minigin\input\generic_command.cpp">
      <Filter>Source Files</Filter>
    </ClCompile>
    <ClCompile Include="minigin\input\input_manager.cpp">
      <Filter>Source Files</Filter>
    </ClCompile>
    <ClCompile Include="minigin\input\sdl_input.cpp">
      <Filter>Source Files</Filter>
    </ClCompile>
    <ClCompile Include="minigin\input\x_input.cpp">
      <Filter>Source Files</Filter>
    </ClCompile>
    <ClCompile Include="minigin\services\logging_sound_system.cpp">
      <Filter>Source Files</Filter>
    </ClCompile>
    <ClCompile Include="minigin\services\sdl_sound_system.cpp">
      <Filter>Source Files</Filter>
    </ClCompile>
    <ClCompile Include="minigin\services\service_locator.cpp">
      <Filter>Source Files</Filter>
    </ClCompile>
    <ClCompile Include="minigin\sound\sound_effect.cpp">
      <Filter>Source Files</Filter>
    </ClCompile>
    <ClCompile Include="minigin\sound\sound_manager.cpp">
      <Filter>Source Files</Filter>
    </ClCompile>
    <ClCompile Include="minigin\sound\sound_stream.cpp">
      <Filter>Source Files</Filter>
    </ClCompile>
    <ClCompile Include="steam\achievement.cpp">
      <Filter>Source Files</Filter>
    </ClCompile>
    <ClCompile Include="minigin\core\game_object.cpp">
      <Filter>Source Files</Filter>
    </ClCompile>
    <ClCompile Include="minigin\core\i_observer.cpp">
      <Filter>Source Files</Filter>
    </ClCompile>
    <ClCompile Include="minigin\core\minigin.cpp">
      <Filter>Source Files</Filter>
    </ClCompile>
    <ClCompile Include="minigin\core\renderer.cpp">
      <Filter>Source Files</Filter>
    </ClCompile>
    <ClCompile Include="minigin\core\resource_manager.cpp">
      <Filter>Source Files</Filter>
    </ClCompile>
    <ClCompile Include="minigin\core\scene.cpp">
      <Filter>Source Files</Filter>
    </ClCompile>
    <ClCompile Include="minigin\core\scene_manager.cpp">
      <Filter>Source Files</Filter>
    </ClCompile>
  </ItemGroup>
  <ItemGroup>
    <ClInclude Include="minigin\component\core\game_component.h">
      <Filter>Header Files</Filter>
    </ClInclude>
    <ClInclude Include="minigin\component\family\custom_component.h">
      <Filter>Header Files</Filter>
    </ClInclude>
    <ClInclude Include="minigin\component\family\physics_component.h">
      <Filter>Header Files</Filter>
    </ClInclude>
    <ClInclude Include="minigin\component\family\rendering_component.h">
      <Filter>Header Files</Filter>
    </ClInclude>
    <ClInclude Include="minigin\component\family\ui_component.h">
      <Filter>Header Files</Filter>
    </ClInclude>
    <ClInclude Include="minigin\component\implementation\text_component.h">
      <Filter>Header Files</Filter>
    </ClInclude>
    <ClInclude Include="minigin\component\implementation\texture_component.h">
      <Filter>Header Files</Filter>
    </ClInclude>
    <ClInclude Include="minigin\test\test_component.h">
      <Filter>Header Files</Filter>
    </ClInclude>
    <ClInclude Include="minigin\test\test_manager.h">
      <Filter>Header Files</Filter>
    </ClInclude>
    <ClInclude Include="minigin\test\test1_component.h">
      <Filter>Header Files</Filter>
    </ClInclude>
    <ClInclude Include="minigin\test\test2_component.h">
      <Filter>Header Files</Filter>
    </ClInclude>
    <ClInclude Include="minigin\utility\game_font.h">
      <Filter>Header Files</Filter>
    </ClInclude>
    <ClInclude Include="minigin\utility\singleton.h">
      <Filter>Header Files</Filter>
    </ClInclude>
    <ClInclude Include="minigin\utility\texture_2d.h">
      <Filter>Header Files</Filter>
    </ClInclude>
    <ClInclude Include="minigin\utility\transform.h">
      <Filter>Header Files</Filter>
    </ClInclude>
    <ClInclude Include="minigin\events\event.h">
      <Filter>Header Files</Filter>
    </ClInclude>
    <ClInclude Include="minigin\events\event_handler.h">
      <Filter>Header Files</Filter>
    </ClInclude>
    <ClInclude Include="minigin\events\event_manager.h">
      <Filter>Header Files</Filter>
    </ClInclude>
    <ClInclude Include="minigin\events\event_manager.hpp">
      <Filter>Header Files</Filter>
    </ClInclude>
    <ClInclude Include="minigin\events\sound_handler.h">
      <Filter>Header Files</Filter>
    </ClInclude>
    <ClInclude Include="minigin\input\base_command.h">
      <Filter>Header Files</Filter>
    </ClInclude>
    <ClInclude Include="minigin\input\game_component_command.h">
      <Filter>Header Files</Filter>
    </ClInclude>
    <ClInclude Include="minigin\input\game_object_command.h">
      <Filter>Header Files</Filter>
    </ClInclude>
    <ClInclude Include="minigin\input\generic_command.h">
      <Filter>Header Files</Filter>
    </ClInclude>
    <ClInclude Include="minigin\input\i_input.h">
      <Filter>Header Files</Filter>
    </ClInclude>
    <ClInclude Include="minigin\input\input_manager.h">
      <Filter>Header Files</Filter>
    </ClInclude>
    <ClInclude Include="minigin\input\sdl_input.h">
      <Filter>Header Files</Filter>
    </ClInclude>
    <ClInclude Include="minigin\input\x_input.h">
      <Filter>Header Files</Filter>
    </ClInclude>
    <ClInclude Include="minigin\services\i_sound_system.h">
      <Filter>Header Files</Filter>
    </ClInclude>
    <ClInclude Include="minigin\services\logging_sound_system.h">
      <Filter>Header Files</Filter>
    </ClInclude>
    <ClInclude Include="minigin\services\null_sound_system.h">
      <Filter>Header Files</Filter>
    </ClInclude>
    <ClInclude Include="minigin\services\sdl_sound_system.h">
      <Filter>Header Files</Filter>
    </ClInclude>
    <ClInclude Include="minigin\services\service_locator.h">
      <Filter>Header Files</Filter>
    </ClInclude>
    <ClInclude Include="minigin\sound\sound_effect.h">
      <Filter>Header Files</Filter>
    </ClInclude>
    <ClInclude Include="minigin\sound\sound_manager.h">
      <Filter>Header Files</Filter>
    </ClInclude>
    <ClInclude Include="minigin\sound\sound_stream.h">
      <Filter>Header Files</Filter>
    </ClInclude>
    <ClInclude Include="steam\achievement.h">
      <Filter>Header Files</Filter>
    </ClInclude>
    <ClInclude Include="minigin\core\game_object.h">
      <Filter>Header Files</Filter>
    </ClInclude>
    <ClInclude Include="minigin\core\game_object.hpp">
      <Filter>Header Files</Filter>
    </ClInclude>
    <ClInclude Include="minigin\core\game_time.h">
      <Filter>Header Files</Filter>
    </ClInclude>
    <ClInclude Include="minigin\core\i_observer.h">
      <Filter>Header Files</Filter>
    </ClInclude>
    <ClInclude Include="minigin\core\minigin.h">
      <Filter>Header Files</Filter>
    </ClInclude>
    <ClInclude Include="minigin\core\renderer.h">
      <Filter>Header Files</Filter>
    </ClInclude>
    <ClInclude Include="minigin\core\resource_manager.h">
      <Filter>Header Files</Filter>
    </ClInclude>
    <ClInclude Include="minigin\core\scene.h">
      <Filter>Header Files</Filter>
    </ClInclude>
    <ClInclude Include="minigin\core\scene_manager.h">
      <Filter>Header Files</Filter>
    </ClInclude>
  </ItemGroup>
</Project>